
Microsoft Visual Studio Solution File, Format Version 12.00
# Visual Studio Version 16
VisualStudioVersion = 16.0.29123.88
MinimumVisualStudioVersion = 10.0.40219.1
Project("{FAE04EC0-301F-11D3-BF4B-00C04F79EFBC}") = "restaurant", "restaurant\restaurant.csproj", "{8C9AB27A-20FC-4FC0-80B5-57074EE45009}"
EndProject
Project("{FAE04EC0-301F-11D3-BF4B-00C04F79EFBC}") = "accdatos", "accdatos\accdatos.csproj", "{643084ED-AB5D-4E4E-ACFF-F45AD63D0E61}"
EndProject
Project("{FAE04EC0-301F-11D3-BF4B-00C04F79EFBC}") = "entidades", "entidades\entidades.csproj", "{0F53EC88-7A91-458D-8F23-D1E31B732E87}"
EndProject
Project("{FAE04EC0-301F-11D3-BF4B-00C04F79EFBC}") = "lnegocio", "lnegocio\lnegocio.csproj", "{A6229BD9-C9D0-41D0-B812-61230577A0D4}"
EndProject
Project("{FAE04EC0-301F-11D3-BF4B-00C04F79EFBC}") = "soporte", "soporte\soporte.csproj", "{BE4BF2B9-CE03-49FA-BA07-B7F8AE5C2461}"
EndProject
Global
	GlobalSection(SolutionConfigurationPlatforms) = preSolution
		Debug|Any CPU = Debug|Any CPU
		Release|Any CPU = Release|Any CPU
	EndGlobalSection
	GlobalSection(ProjectConfigurationPlatforms) = postSolution
		{8C9AB27A-20FC-4FC0-80B5-57074EE45009}.Debug|Any CPU.ActiveCfg = Debug|Any CPU
		{8C9AB27A-20FC-4FC0-80B5-57074EE45009}.Debug|Any CPU.Build.0 = Debug|Any CPU
		{8C9AB27A-20FC-4FC0-80B5-57074EE45009}.Release|Any CPU.ActiveCfg = Release|Any CPU
		{8C9AB27A-20FC-4FC0-80B5-57074EE45009}.Release|Any CPU.Build.0 = Release|Any CPU
		{643084ED-AB5D-4E4E-ACFF-F45AD63D0E61}.Debug|Any CPU.ActiveCfg = Debug|Any CPU
		{643084ED-AB5D-4E4E-ACFF-F45AD63D0E61}.Debug|Any CPU.Build.0 = Debug|Any CPU
		{643084ED-AB5D-4E4E-ACFF-F45AD63D0E61}.Release|Any CPU.ActiveCfg = Release|Any CPU
		{643084ED-AB5D-4E4E-ACFF-F45AD63D0E61}.Release|Any CPU.Build.0 = Release|Any CPU
		{0F53EC88-7A91-458D-8F23-D1E31B732E87}.Debug|Any CPU.ActiveCfg = Debug|Any CPU
		{0F53EC88-7A91-458D-8F23-D1E31B732E87}.Debug|Any CPU.Build.0 = Debug|Any CPU
		{0F53EC88-7A91-458D-8F23-D1E31B732E87}.Release|Any CPU.ActiveCfg = Release|Any CPU
		{0F53EC88-7A91-458D-8F23-D1E31B732E87}.Release|Any CPU.Build.0 = Release|Any CPU
		{A6229BD9-C9D0-41D0-B812-61230577A0D4}.Debug|Any CPU.ActiveCfg = Debug|Any CPU
		{A6229BD9-C9D0-41D0-B812-61230577A0D4}.Debug|Any CPU.Build.0 = Debug|Any CPU
		{A6229BD9-C9D0-41D0-B812-61230577A0D4}.Release|Any CPU.ActiveCfg = Release|Any CPU
		{A6229BD9-C9D0-41D0-B812-61230577A0D4}.Release|Any CPU.Build.0 = Release|Any CPU
		{BE4BF2B9-CE03-49FA-BA07-B7F8AE5C2461}.Debug|Any CPU.ActiveCfg = Debug|Any CPU
		{BE4BF2B9-CE03-49FA-BA07-B7F8AE5C2461}.Debug|Any CPU.Build.0 = Debug|Any CPU
		{BE4BF2B9-CE03-49FA-BA07-B7F8AE5C2461}.Release|Any CPU.ActiveCfg = Release|Any CPU
		{BE4BF2B9-CE03-49FA-BA07-B7F8AE5C2461}.Release|Any CPU.Build.0 = Release|Any CPU
	EndGlobalSection
	GlobalSection(SolutionProperties) = preSolution
		HideSolutionNode = FALSE
	EndGlobalSection
	GlobalSection(ExtensibilityGlobals) = postSolution
		SolutionGuid = {A0CDA2B5-BCFC-40C0-9D04-E39528249FC8}
	EndGlobalSection
EndGlobal
